
Microsoft Visual Studio Solution File, Format Version 12.00
# Visual Studio Version 17
VisualStudioVersion = 17.13.35919.96
MinimumVisualStudioVersion = 10.0.40219.1
Project("{FAE04EC0-301F-11D3-BF4B-00C04F79EFBC}") = "SierraVargasHerrera-GestorInventario", "PV, DS y RH - Proyecto Gestor de Inventario\SierraVargasHerrera-GestorInventario.csproj", "{A10F3D21-157B-4767-9439-05FBECD7AC1D}"
EndProject
Global
	GlobalSection(SolutionConfigurationPlatforms) = preSolution
		Debug|Any CPU = Debug|Any CPU
		Release|Any CPU = Release|Any CPU
	EndGlobalSection
	GlobalSection(ProjectConfigurationPlatforms) = postSolution
		{A10F3D21-157B-4767-9439-05FBECD7AC1D}.Debug|Any CPU.ActiveCfg = Debug|Any CPU
		{A10F3D21-157B-4767-9439-05FBECD7AC1D}.Debug|Any CPU.Build.0 = Debug|Any CPU
		{A10F3D21-157B-4767-9439-05FBECD7AC1D}.Release|Any CPU.ActiveCfg = Release|Any CPU
		{A10F3D21-157B-4767-9439-05FBECD7AC1D}.Release|Any CPU.Build.0 = Release|Any CPU
	EndGlobalSection
	GlobalSection(SolutionProperties) = preSolution
		HideSolutionNode = FALSE
	EndGlobalSection
	GlobalSection(ExtensibilityGlobals) = postSolution
		SolutionGuid = {3E557021-C7FB-42EE-BA7F-7A25A9ED51DD}
	EndGlobalSection
EndGlobal
